#MicroXplorer Configuration settings - do not modify
Mcu.Family=STM32F0
PA6.GPIOParameters=GPIO_Label
RCC.PLLSourceVirtual=RCC_PLLSOURCE_HSE
ProjectManager.MainLocation=Src
RCC.MCOFreq_Value=48000000
RCC.USART1Freq_Value=48000000
ProjectManager.ProjectFileName=Bootcamp.ioc
ProjectManager.KeepUserCode=true
Mcu.UserName=STM32F030RCTx
PC10.GPIO_Label=LED2
Mcu.PinsNb=15
ProjectManager.NoMain=false
PC11.Locked=true
PC12.Locked=true
PC15OSC32_OUT.Signal=RCC_OSC32_OUT
PC10.Locked=true
RCC.PLLCLKFreq_Value=48000000
PC10.Signal=GPIO_Output
PC11.Signal=GPIO_Output
PC12.Signal=GPIO_Output
USART1.WordLength=WORDLENGTH_8B
ProjectManager.functionlistsort=
ADC.ScanConvMode=ADC_SCAN_DIRECTION_FORWARD
ProjectManager.DefaultFWLocation=true
SH.S_TIM16_CH1.0=TIM16_CH1,PWM Generation1 CH1
PA6.GPIO_Label=PWM1
VP_TIM16_VS_ClockSourceINT.Mode=Enable_Timer
ADC.LowPowerAutoWait=DISABLE
ADC.IPParameters=ClockPrescaler,Resolution,DataAlign,ScanConvMode,ContinuousConvMode,DiscontinuousConvMode,DMAContinuousRequests,EOCSelection,Overrun,LowPowerAutoWait,LowPowerAutoPowerOff,SamplingTime,ExternalTrigConv,ExternalTrigConvEdge,EnableAnalogWatchDog
NVIC.SVC_IRQn=true\:0\:0\:false\:false\:true\:false\:false
ProjectManager.DeletePrevious=true
USART1.IPParameters=VirtualMode-Asynchronous,WordLength,SwapParam
PC15OSC32_OUT.Mode=LSE-External-Oscillator
PC11.GPIOParameters=GPIO_Label
ADC.ClockPrescaler=ADC_CLOCK_ASYNC_DIV1
TIM16.Channel=TIM_CHANNEL_1
PinOutPanel.RotationAngle=0
RCC.FamilyName=M
RCC.SYSCLKSource=RCC_SYSCLKSOURCE_PLLCLK
ProjectManager.StackSize=0x400
ADC.EnableAnalogWatchDog=false
PC12.GPIOParameters=GPIO_Label
USART1.VirtualMode-Asynchronous=VM_ASYNC
PA13.Signal=SYS_SWDIO
Mcu.IP4=TIM16
ADC.DiscontinuousConvMode=DISABLE
RCC.FCLKCortexFreq_Value=48000000
Mcu.IP5=USART1
Mcu.IP2=RCC
Mcu.IP3=SYS
Mcu.IP0=ADC
Mcu.IP1=NVIC
NVIC.ADC1_IRQn=true\:0\:0\:false\:false\:true\:true\:true
SH.S_TIM16_CH1.ConfNb=1
Mcu.UserConstants=
ProjectManager.TargetToolchain=Makefile
Mcu.ThirdPartyNb=0
RCC.HCLKFreq_Value=48000000
Mcu.IPNb=6
ProjectManager.PreviousToolchain=
PB6.Signal=USART1_TX
PB6.Mode=Asynchronous
Mcu.Pin6=PA13
Mcu.Pin7=PA14
Mcu.Pin8=PC10
Mcu.Pin9=PC11
RCC.AHBFreq_Value=48000000
Mcu.Pin0=PC14OSC32_IN
PB1.Locked=true
PF0-OSC_IN.Mode=HSE-External-Oscillator
Mcu.Pin1=PC15OSC32_OUT
Mcu.Pin2=PF0-OSC_IN
Mcu.Pin3=PF1-OSC_OUT
Mcu.Pin4=PA6
ADC.SamplingTime=ADC_SAMPLETIME_1CYCLE_5
Mcu.Pin5=PB1
ProjectManager.ProjectBuild=false
ADC.DMAContinuousRequests=DISABLE
board=Bootcamp
NVIC.SysTick_IRQn=true\:0\:0\:false\:false\:true\:false\:true
ProjectManager.LastFirmware=true
RCC.PLLMUL=RCC_PLL_MUL6
RCC.VCOOutput2Freq_Value=8000000
ProjectManager.FirmwarePackage=STM32Cube FW_F0 V1.9.0
MxDb.Version=DB.4.0.230
ProjectManager.BackupPrevious=false
MxCube.Version=4.23.0
ADC.ExternalTrigConvEdge=ADC_EXTERNALTRIGCONVEDGE_NONE
PA14.Mode=Serial_Wire
PB1.GPIO_Label=ADC_INPUT
PC11.GPIO_Label=LED1
File.Version=6
VP_SYS_VS_Systick.Mode=SysTick
PB7.Signal=USART1_RX
VP_TIM16_VS_ClockSourceINT.Signal=TIM16_VS_ClockSourceINT
ADC.EOCSelection=ADC_EOC_SINGLE_CONV
NVIC.NonMaskableInt_IRQn=true\:0\:0\:false\:false\:true\:false\:false
PC10.GPIOParameters=GPIO_Label
PB6.Locked=true
NVIC.PendSV_IRQn=true\:0\:0\:false\:false\:true\:false\:false
PA13.Mode=Serial_Wire
ProjectManager.FreePins=false
RCC.IPParameters=AHBFreq_Value,APB1Freq_Value,APB1TimFreq_Value,FCLKCortexFreq_Value,FamilyName,HCLKFreq_Value,MCOFreq_Value,PLLCLKFreq_Value,PLLMCOFreq_Value,PLLMUL,PLLSourceVirtual,SYSCLKFreq_VALUE,SYSCLKSource,TimSysFreq_Value,USART1Freq_Value,VCOOutput2Freq_Value
ProjectManager.AskForMigrate=false
Mcu.Name=STM32F030RCTx
ProjectManager.HalAssertFull=false
ProjectManager.ProjectName=Bootcamp
ProjectManager.UnderRoot=false
ADC.Overrun=ADC_OVR_DATA_PRESERVED
RCC.PLLMCOFreq_Value=48000000
ProjectManager.CoupleFile=true
PC14OSC32_IN.Mode=LSE-External-Oscillator
RCC.SYSCLKFreq_VALUE=48000000
Mcu.Package=LQFP64
PA6.Signal=S_TIM16_CH1
PB1.Signal=ADC_IN9
RCC.TimSysFreq_Value=48000000
NVIC.ForceEnableDMAVector=true
KeepUserPlacement=false
PC12.GPIO_Label=LED3
ProjectManager.CompilerOptimize=2
ProjectManager.ToolChainLocation=
VP_SYS_VS_Systick.Signal=SYS_VS_Systick
PB7.Mode=Asynchronous
ADC.DataAlign=ADC_DATAALIGN_RIGHT
PA14.Signal=SYS_SWCLK
ProjectManager.HeapSize=0x200
NVIC.HardFault_IRQn=true\:0\:0\:false\:false\:true\:false\:false
PB1.Mode=IN9
Mcu.Pin13=VP_SYS_VS_Systick
Mcu.Pin14=VP_TIM16_VS_ClockSourceINT
ProjectManager.ComputerToolchain=false
Mcu.Pin11=PB6
Mcu.Pin12=PB7
ADC.Resolution=ADC_RESOLUTION_12B
Mcu.Pin10=PC12
PB7.Locked=true
RCC.APB1TimFreq_Value=48000000
TIM16.IPParameters=Channel
ADC.LowPowerAutoPowerOff=DISABLE
PF0-OSC_IN.Signal=RCC_OSC_IN
PF1-OSC_OUT.Mode=HSE-External-Oscillator
RCC.APB1Freq_Value=48000000
ADC.ContinuousConvMode=ENABLE
USART1.SwapParam=ADVFEATURE_SWAP_ENABLE
ADC.ExternalTrigConv=ADC_SOFTWARE_START
ProjectManager.CustomerFirmwarePackage=
ProjectManager.DeviceId=STM32F030RCTx
PF1-OSC_OUT.Signal=RCC_OSC_OUT
ProjectManager.LibraryCopy=1
PC14OSC32_IN.Signal=RCC_OSC32_IN
PB1.GPIOParameters=GPIO_Label
PA6.Locked=true
